// !$*UTF8*$!
{
	archiveVersion = 1;
	classes = {
	};
	objectVersion = 46;
	objects = {

/* Begin PBXBuildFile section */
		10B025F31DBF9C3000E71FC5 /* telegrafico.ttf in Resources */ = {isa = PBXBuildFile; fileRef = 10B025F21DBF9C3000E71FC5 /* telegrafico.ttf */; };
		10E5A0951DC63E79009E0F4C /* BackButton.swift in Sources */ = {isa = PBXBuildFile; fileRef = 10E5A0941DC63E79009E0F4C /* BackButton.swift */; };
		3A01FF791C05FA2900AD1F9D /* Login.swift in Sources */ = {isa = PBXBuildFile; fileRef = 3A01FF781C05FA2900AD1F9D /* Login.swift */; };
		3A01FF7B1C05FA5500AD1F9D /* SignUp.swift in Sources */ = {isa = PBXBuildFile; fileRef = 3A01FF7A1C05FA5500AD1F9D /* SignUp.swift */; };
		3A01FF7E1C05FFD000AD1F9D /* Account.swift in Sources */ = {isa = PBXBuildFile; fileRef = 3A01FF7D1C05FFD000AD1F9D /* Account.swift */; };
		3A047C031DBA8BD100D7B0FA /* ExercisesListCell.swift in Sources */ = {isa = PBXBuildFile; fileRef = 3A047C021DBA8BD100D7B0FA /* ExercisesListCell.swift */; };
		3A09ECBE1DB7B50E0088D966 /* Exercises.swift in Sources */ = {isa = PBXBuildFile; fileRef = 3A09ECBD1DB7B50E0088D966 /* Exercises.swift */; };
		3A0CCEBF1D65EA1B005D8128 /* Level.xml in Resources */ = {isa = PBXBuildFile; fileRef = 3A0CCEBE1D65EA1B005D8128 /* Level.xml */; };
		3A0D38561DA8ADF400388457 /* WorkoutsListCell.swift in Sources */ = {isa = PBXBuildFile; fileRef = 3A0D38551DA8ADF400388457 /* WorkoutsListCell.swift */; };
		3A0D9FD91D882FB20015189F /* Application.swift in Sources */ = {isa = PBXBuildFile; fileRef = 3A0D9FD81D882FB20015189F /* Application.swift */; };
		3A174E641D083C4F00C308A4 /* Level.swift in Sources */ = {isa = PBXBuildFile; fileRef = 3A174E631D083C4F00C308A4 /* Level.swift */; };
		3A20F8E21D64B5790049931A /* Type.xml in Resources */ = {isa = PBXBuildFile; fileRef = 3A20F8E11D64B5790049931A /* Type.xml */; };
		3A28AB371CE11BFF0027AB70 /* Main.swift in Sources */ = {isa = PBXBuildFile; fileRef = 3A28AB361CE11BFF0027AB70 /* Main.swift */; };
		3A29660C1C77860500A5E733 /* LoginEmail.swift in Sources */ = {isa = PBXBuildFile; fileRef = 3A29660B1C77860500A5E733 /* LoginEmail.swift */; };
		3A44A5FF1D819BFB00B4D026 /* Tracker.xml in Resources */ = {isa = PBXBuildFile; fileRef = 3A44A5FE1D819BFB00B4D026 /* Tracker.xml */; };
		3A4D5F2B1D448EDF00E0BFAF /* Details.swift in Sources */ = {isa = PBXBuildFile; fileRef = 3A4D5F2A1D448EDF00E0BFAF /* Details.swift */; };
		3A5BC2541DC790830064D01E /* FooterButton.swift in Sources */ = {isa = PBXBuildFile; fileRef = 3A5BC2531DC790830064D01E /* FooterButton.swift */; };
		3A5BC2561DC791460064D01E /* BackButton.xml in Resources */ = {isa = PBXBuildFile; fileRef = 3A5BC2551DC791460064D01E /* BackButton.xml */; };
		3A6609591DB54275004FC4F5 /* Workouts.swift in Sources */ = {isa = PBXBuildFile; fileRef = 3A6609581DB54273004FC4F5 /* Workouts.swift */; };
		3A66095B1DB54432004FC4F5 /* Workouts.xml in Resources */ = {isa = PBXBuildFile; fileRef = 3A66095A1DB54432004FC4F5 /* Workouts.xml */; };
		3A66AF211D845629002BD1EA /* UserDefaults.swift in Sources */ = {isa = PBXBuildFile; fileRef = 3A66AF201D845629002BD1EA /* UserDefaults.swift */; };
		3A66AF231D846898002BD1EA /* CheckBox.swift in Sources */ = {isa = PBXBuildFile; fileRef = 3A66AF221D846898002BD1EA /* CheckBox.swift */; };
		3A6B7FEF1D899F3E0073ABEA /* Database.swift in Sources */ = {isa = PBXBuildFile; fileRef = 3A6B7FEE1D899F3E0073ABEA /* Database.swift */; };
		3A70C8021D804C8C00E08F0E /* Footer.xml in Resources */ = {isa = PBXBuildFile; fileRef = 3A70C8011D804C8C00E08F0E /* Footer.xml */; };
		3A70C8061D808B5600E08F0E /* WorkoutsList.xml in Resources */ = {isa = PBXBuildFile; fileRef = 3A70C8051D808B5600E08F0E /* WorkoutsList.xml */; };
		3A734B1A1D3CFBF6000EF7DC /* WorkoutsList.swift in Sources */ = {isa = PBXBuildFile; fileRef = 3A734B191D3CFBF6000EF7DC /* WorkoutsList.swift */; };
		3A7A5B471C134F8700C6EA87 /* TrackerBack.swift in Sources */ = {isa = PBXBuildFile; fileRef = 3A7A5B461C134F8700C6EA87 /* TrackerBack.swift */; };
		3A7BC3F51CEA190B008B329E /* Type.swift in Sources */ = {isa = PBXBuildFile; fileRef = 3A7BC3F41CEA190B008B329E /* Type.swift */; };
		3A7BEA4C1D673DEF00A5F57F /* Exercises.xml in Resources */ = {isa = PBXBuildFile; fileRef = 3A7BEA4B1D673DEF00A5F57F /* Exercises.xml */; };
		3A8CDDF11CE111DF00CE7D62 /* MainNew.storyboard in Resources */ = {isa = PBXBuildFile; fileRef = 3A8CDDF01CE111DF00CE7D62 /* MainNew.storyboard */; };
		3A8F287E1BC150B600BCC5BC /* Interface.storyboard in Resources */ = {isa = PBXBuildFile; fileRef = 3A8F287C1BC150B600BCC5BC /* Interface.storyboard */; };
		3A8F28801BC150B600BCC5BC /* Assets.xcassets in Resources */ = {isa = PBXBuildFile; fileRef = 3A8F287F1BC150B600BCC5BC /* Assets.xcassets */; };
		3A8F28871BC150B600BCC5BC /* Watch Extension.appex in Embed App Extensions */ = {isa = PBXBuildFile; fileRef = 3A8F28861BC150B600BCC5BC /* Watch Extension.appex */; settings = {ATTRIBUTES = (RemoveHeadersOnCopy, ); }; };
		3A8F288E1BC150B600BCC5BC /* InterfaceController.swift in Sources */ = {isa = PBXBuildFile; fileRef = 3A8F288D1BC150B600BCC5BC /* InterfaceController.swift */; };
		3A8F28901BC150B600BCC5BC /* ExtensionDelegate.swift in Sources */ = {isa = PBXBuildFile; fileRef = 3A8F288F1BC150B600BCC5BC /* ExtensionDelegate.swift */; };
		3A8F28921BC150B600BCC5BC /* NotificationController.swift in Sources */ = {isa = PBXBuildFile; fileRef = 3A8F28911BC150B600BCC5BC /* NotificationController.swift */; };
		3A8F28941BC150B600BCC5BC /* Assets.xcassets in Resources */ = {isa = PBXBuildFile; fileRef = 3A8F28931BC150B600BCC5BC /* Assets.xcassets */; };
		3A8F28981BC150B600BCC5BC /* Watch.app in Embed Watch Content */ = {isa = PBXBuildFile; fileRef = 3A8F287A1BC150B600BCC5BC /* Watch.app */; };
		3AB433151DC39EB8004E96D4 /* LevelButton.swift in Sources */ = {isa = PBXBuildFile; fileRef = 3AB433141DC39EB8004E96D4 /* LevelButton.swift */; };
		3AB51FB41D412C5B00872A67 /* ScreenSize.swift in Sources */ = {isa = PBXBuildFile; fileRef = 3AB51FB31D412C5B00872A67 /* ScreenSize.swift */; };
		3AB7095D1DC25054003CF490 /* TypeButton.swift in Sources */ = {isa = PBXBuildFile; fileRef = 3AB7095C1DC25054003CF490 /* TypeButton.swift */; };
		3AC2156D1D3FBC41003C26E9 /* ScreenObject.swift in Sources */ = {isa = PBXBuildFile; fileRef = 3AC2156C1D3FBC41003C26E9 /* ScreenObject.swift */; };
		3AD4A7861D5EE8F60046C52C /* FBSDKLoginKit.framework in Frameworks */ = {isa = PBXBuildFile; fileRef = 3AD4A7851D5EE8F60046C52C /* FBSDKLoginKit.framework */; };
		3AD4A7881D5F02690046C52C /* FBSDKCoreKit.framework in Frameworks */ = {isa = PBXBuildFile; fileRef = 3AD4A77F1D5EE8C80046C52C /* FBSDKCoreKit.framework */; };
		3AD4A78F1D5F31D00046C52C /* Constant.swift in Sources */ = {isa = PBXBuildFile; fileRef = 3AD4A78E1D5F31D00046C52C /* Constant.swift */; };
		3AD4A7921D5F50010046C52C /* Main.xml in Resources */ = {isa = PBXBuildFile; fileRef = 3AD4A7911D5F50010046C52C /* Main.xml */; };
		3ADA54C91BC128AF009A4D78 /* Settings.swift in Sources */ = {isa = PBXBuildFile; fileRef = 3ADA54C81BC128AF009A4D78 /* Settings.swift */; };
		3ADB5C751CBFD43700D847BA /* ConnectServer.swift in Sources */ = {isa = PBXBuildFile; fileRef = 3ADB5C741CBFD43700D847BA /* ConnectServer.swift */; };
		3AEFCF321D854FFA00DD2B5E /* AlienEncountersSolid.ttf in Resources */ = {isa = PBXBuildFile; fileRef = 3AEFCF311D854FFA00DD2B5E /* AlienEncountersSolid.ttf */; };
		3AEFCF341D85504600DD2B5E /* Settings.xml in Resources */ = {isa = PBXBuildFile; fileRef = 3AEFCF331D85504600DD2B5E /* Settings.xml */; };
		5D6A539D1B27B228005C167E /* AppDelegate.swift in Sources */ = {isa = PBXBuildFile; fileRef = 5D6A539C1B27B228005C167E /* AppDelegate.swift */; };
		5D6A53A01B27B228005C167E /* WorkoutSolution.xcdatamodeld in Sources */ = {isa = PBXBuildFile; fileRef = 5D6A539E1B27B228005C167E /* WorkoutSolution.xcdatamodeld */; };
		5D6A53A21B27B228005C167E /* ViewController.swift in Sources */ = {isa = PBXBuildFile; fileRef = 5D6A53A11B27B228005C167E /* ViewController.swift */; };
		5D6A53A71B27B228005C167E /* Images.xcassets in Resources */ = {isa = PBXBuildFile; fileRef = 5D6A53A61B27B228005C167E /* Images.xcassets */; };
		5D6A53AA1B27B228005C167E /* LaunchScreen.xib in Resources */ = {isa = PBXBuildFile; fileRef = 5D6A53A81B27B228005C167E /* LaunchScreen.xib */; };
		5D9B4FFD1B3F8843004ECDF0 /* CoreMotion.framework in Frameworks */ = {isa = PBXBuildFile; fileRef = 5D9B4FFC1B3F8843004ECDF0 /* CoreMotion.framework */; };
		5DFEDEC71B4CB10C00F222C5 /* AVFoundation.framework in Frameworks */ = {isa = PBXBuildFile; fileRef = 5DFEDEC61B4CB10C00F222C5 /* AVFoundation.framework */; };
/* End PBXBuildFile section */

/* Begin PBXContainerItemProxy section */
		3A8F28881BC150B600BCC5BC /* PBXContainerItemProxy */ = {
			isa = PBXContainerItemProxy;
			containerPortal = 5D6A538F1B27B228005C167E /* Project object */;
			proxyType = 1;
			remoteGlobalIDString = 3A8F28851BC150B600BCC5BC;
			remoteInfo = "Watch Extension";
		};
		3A8F28961BC150B600BCC5BC /* PBXContainerItemProxy */ = {
			isa = PBXContainerItemProxy;
			containerPortal = 5D6A538F1B27B228005C167E /* Project object */;
			proxyType = 1;
			remoteGlobalIDString = 3A8F28791BC150B600BCC5BC;
			remoteInfo = Watch;
		};
/* End PBXContainerItemProxy section */

/* Begin PBXCopyFilesBuildPhase section */
		3A8F289E1BC150B700BCC5BC /* Embed App Extensions */ = {
			isa = PBXCopyFilesBuildPhase;
			buildActionMask = 2147483647;
			dstPath = "";
			dstSubfolderSpec = 13;
			files = (
				3A8F28871BC150B600BCC5BC /* Watch Extension.appex in Embed App Extensions */,
			);
			name = "Embed App Extensions";
			runOnlyForDeploymentPostprocessing = 0;
		};
		3A8F28A01BC150B700BCC5BC /* Embed Watch Content */ = {
			isa = PBXCopyFilesBuildPhase;
			buildActionMask = 2147483647;
			dstPath = "$(CONTENTS_FOLDER_PATH)/Watch";
			dstSubfolderSpec = 16;
			files = (
				3A8F28981BC150B600BCC5BC /* Watch.app in Embed Watch Content */,
			);
			name = "Embed Watch Content";
			runOnlyForDeploymentPostprocessing = 0;
		};
		3ACCFC3C1BEDBC010059A7B8 /* Embed Frameworks */ = {
			isa = PBXCopyFilesBuildPhase;
			buildActionMask = 2147483647;
			dstPath = "";
			dstSubfolderSpec = 10;
			files = (
			);
			name = "Embed Frameworks";
			runOnlyForDeploymentPostprocessing = 0;
		};
/* End PBXCopyFilesBuildPhase section */

/* Begin PBXFileReference section */
		10B025F21DBF9C3000E71FC5 /* telegrafico.ttf */ = {isa = PBXFileReference; lastKnownFileType = file; name = telegrafico.ttf; path = Fonts/telegrafico.ttf; sourceTree = SOURCE_ROOT; };
		10E5A0941DC63E79009E0F4C /* BackButton.swift */ = {isa = PBXFileReference; fileEncoding = 4; lastKnownFileType = sourcecode.swift; name = BackButton.swift; path = src/BackButton.swift; sourceTree = "<group>"; };
		3A01FF781C05FA2900AD1F9D /* Login.swift */ = {isa = PBXFileReference; fileEncoding = 4; lastKnownFileType = sourcecode.swift; name = Login.swift; path = ViewController/Login.swift; sourceTree = "<group>"; };
		3A01FF7A1C05FA5500AD1F9D /* SignUp.swift */ = {isa = PBXFileReference; fileEncoding = 4; lastKnownFileType = sourcecode.swift; name = SignUp.swift; path = ViewController/SignUp.swift; sourceTree = "<group>"; };
		3A01FF7D1C05FFD000AD1F9D /* Account.swift */ = {isa = PBXFileReference; fileEncoding = 4; lastKnownFileType = sourcecode.swift; name = Account.swift; path = src/Account.swift; sourceTree = "<group>"; };
		3A047C021DBA8BD100D7B0FA /* ExercisesListCell.swift */ = {isa = PBXFileReference; fileEncoding = 4; lastKnownFileType = sourcecode.swift; name = ExercisesListCell.swift; path = src/ExercisesListCell.swift; sourceTree = "<group>"; };
		3A09ECBD1DB7B50E0088D966 /* Exercises.swift */ = {isa = PBXFileReference; fileEncoding = 4; lastKnownFileType = sourcecode.swift; name = Exercises.swift; path = ViewController/Exercises.swift; sourceTree = "<group>"; };
		3A0CCEBE1D65EA1B005D8128 /* Level.xml */ = {isa = PBXFileReference; fileEncoding = 4; lastKnownFileType = text.xml; name = Level.xml; path = XMLs/Level.xml; sourceTree = "<group>"; };
		3A0D38551DA8ADF400388457 /* WorkoutsListCell.swift */ = {isa = PBXFileReference; fileEncoding = 4; lastKnownFileType = sourcecode.swift; name = WorkoutsListCell.swift; path = src/WorkoutsListCell.swift; sourceTree = "<group>"; };
		3A0D9FD81D882FB20015189F /* Application.swift */ = {isa = PBXFileReference; fileEncoding = 4; lastKnownFileType = sourcecode.swift; name = Application.swift; path = src/Application.swift; sourceTree = "<group>"; };
		3A174E631D083C4F00C308A4 /* Level.swift */ = {isa = PBXFileReference; fileEncoding = 4; lastKnownFileType = sourcecode.swift; name = Level.swift; path = ViewController/Level.swift; sourceTree = "<group>"; };
		3A20F8E11D64B5790049931A /* Type.xml */ = {isa = PBXFileReference; fileEncoding = 4; lastKnownFileType = text.xml; name = Type.xml; path = XMLs/Type.xml; sourceTree = "<group>"; };
		3A28AB361CE11BFF0027AB70 /* Main.swift */ = {isa = PBXFileReference; fileEncoding = 4; lastKnownFileType = sourcecode.swift; name = Main.swift; path = ViewController/Main.swift; sourceTree = "<group>"; };
		3A29660B1C77860500A5E733 /* LoginEmail.swift */ = {isa = PBXFileReference; fileEncoding = 4; lastKnownFileType = sourcecode.swift; name = LoginEmail.swift; path = ViewController/LoginEmail.swift; sourceTree = "<group>"; };
		3A44A5FE1D819BFB00B4D026 /* Tracker.xml */ = {isa = PBXFileReference; fileEncoding = 4; lastKnownFileType = text.xml; name = Tracker.xml; path = XMLs/Tracker.xml; sourceTree = "<group>"; };
		3A4D5F2A1D448EDF00E0BFAF /* Details.swift */ = {isa = PBXFileReference; fileEncoding = 4; lastKnownFileType = sourcecode.swift; name = Details.swift; path = ViewController/Details.swift; sourceTree = "<group>"; };
		3A5BC2531DC790830064D01E /* FooterButton.swift */ = {isa = PBXFileReference; fileEncoding = 4; lastKnownFileType = sourcecode.swift; name = FooterButton.swift; path = src/FooterButton.swift; sourceTree = "<group>"; };
		3A5BC2551DC791460064D01E /* BackButton.xml */ = {isa = PBXFileReference; fileEncoding = 4; lastKnownFileType = text.xml; name = BackButton.xml; path = XMLs/BackButton.xml; sourceTree = "<group>"; };
		3A6609581DB54273004FC4F5 /* Workouts.swift */ = {isa = PBXFileReference; fileEncoding = 4; lastKnownFileType = sourcecode.swift; name = Workouts.swift; path = ViewController/Workouts.swift; sourceTree = "<group>"; };
		3A66095A1DB54432004FC4F5 /* Workouts.xml */ = {isa = PBXFileReference; fileEncoding = 4; lastKnownFileType = text.xml; name = Workouts.xml; path = XMLs/Workouts.xml; sourceTree = "<group>"; };
		3A66AF201D845629002BD1EA /* UserDefaults.swift */ = {isa = PBXFileReference; fileEncoding = 4; lastKnownFileType = sourcecode.swift; name = UserDefaults.swift; path = src/UserDefaults.swift; sourceTree = "<group>"; };
		3A66AF221D846898002BD1EA /* CheckBox.swift */ = {isa = PBXFileReference; fileEncoding = 4; lastKnownFileType = sourcecode.swift; name = CheckBox.swift; path = src/CheckBox.swift; sourceTree = "<group>"; };
		3A67FE131BF41E1F002A8198 /* WorkoutSolution-Bridging-Header.h */ = {isa = PBXFileReference; lastKnownFileType = sourcecode.c.h; path = "WorkoutSolution-Bridging-Header.h"; sourceTree = SOURCE_ROOT; };
		3A6B7FEE1D899F3E0073ABEA /* Database.swift */ = {isa = PBXFileReference; fileEncoding = 4; lastKnownFileType = sourcecode.swift; name = Database.swift; path = src/Database.swift; sourceTree = "<group>"; };
		3A70C8011D804C8C00E08F0E /* Footer.xml */ = {isa = PBXFileReference; fileEncoding = 4; lastKnownFileType = text.xml; name = Footer.xml; path = XMLs/Footer.xml; sourceTree = "<group>"; };
		3A70C8051D808B5600E08F0E /* WorkoutsList.xml */ = {isa = PBXFileReference; fileEncoding = 4; lastKnownFileType = text.xml; name = WorkoutsList.xml; path = XMLs/WorkoutsList.xml; sourceTree = "<group>"; };
		3A734B191D3CFBF6000EF7DC /* WorkoutsList.swift */ = {isa = PBXFileReference; fileEncoding = 4; lastKnownFileType = sourcecode.swift; name = WorkoutsList.swift; path = ViewController/WorkoutsList.swift; sourceTree = "<group>"; };
		3A7A5B461C134F8700C6EA87 /* TrackerBack.swift */ = {isa = PBXFileReference; fileEncoding = 4; lastKnownFileType = sourcecode.swift; name = TrackerBack.swift; path = ViewController/TrackerBack.swift; sourceTree = "<group>"; };
		3A7BC3F41CEA190B008B329E /* Type.swift */ = {isa = PBXFileReference; fileEncoding = 4; lastKnownFileType = sourcecode.swift; name = Type.swift; path = ViewController/Type.swift; sourceTree = "<group>"; };
		3A7BEA4B1D673DEF00A5F57F /* Exercises.xml */ = {isa = PBXFileReference; fileEncoding = 4; lastKnownFileType = text.xml; name = Exercises.xml; path = XMLs/Exercises.xml; sourceTree = "<group>"; };
		3A8CDDF01CE111DF00CE7D62 /* MainNew.storyboard */ = {isa = PBXFileReference; fileEncoding = 4; lastKnownFileType = file.storyboard; name = MainNew.storyboard; path = storyboard/MainNew.storyboard; sourceTree = "<group>"; };
		3A8F287A1BC150B600BCC5BC /* Watch.app */ = {isa = PBXFileReference; explicitFileType = wrapper.application; includeInIndex = 0; path = Watch.app; sourceTree = BUILT_PRODUCTS_DIR; };
		3A8F287D1BC150B600BCC5BC /* Base */ = {isa = PBXFileReference; lastKnownFileType = file.storyboard; name = Base; path = Base.lproj/Interface.storyboard; sourceTree = "<group>"; };
		3A8F287F1BC150B600BCC5BC /* Assets.xcassets */ = {isa = PBXFileReference; lastKnownFileType = folder.assetcatalog; path = Assets.xcassets; sourceTree = "<group>"; };
		3A8F28811BC150B600BCC5BC /* Info.plist */ = {isa = PBXFileReference; lastKnownFileType = text.plist.xml; path = Info.plist; sourceTree = "<group>"; };
		3A8F28861BC150B600BCC5BC /* Watch Extension.appex */ = {isa = PBXFileReference; explicitFileType = "wrapper.app-extension"; includeInIndex = 0; path = "Watch Extension.appex"; sourceTree = BUILT_PRODUCTS_DIR; };
		3A8F288C1BC150B600BCC5BC /* PushNotificationPayload.apns */ = {isa = PBXFileReference; lastKnownFileType = text; path = PushNotificationPayload.apns; sourceTree = "<group>"; };
		3A8F288D1BC150B600BCC5BC /* InterfaceController.swift */ = {isa = PBXFileReference; lastKnownFileType = sourcecode.swift; path = InterfaceController.swift; sourceTree = "<group>"; };
		3A8F288F1BC150B600BCC5BC /* ExtensionDelegate.swift */ = {isa = PBXFileReference; lastKnownFileType = sourcecode.swift; path = ExtensionDelegate.swift; sourceTree = "<group>"; };
		3A8F28911BC150B600BCC5BC /* NotificationController.swift */ = {isa = PBXFileReference; lastKnownFileType = sourcecode.swift; path = NotificationController.swift; sourceTree = "<group>"; };
		3A8F28931BC150B600BCC5BC /* Assets.xcassets */ = {isa = PBXFileReference; lastKnownFileType = folder.assetcatalog; path = Assets.xcassets; sourceTree = "<group>"; };
		3A8F28951BC150B600BCC5BC /* Info.plist */ = {isa = PBXFileReference; lastKnownFileType = text.plist.xml; path = Info.plist; sourceTree = "<group>"; };
		3AB433141DC39EB8004E96D4 /* LevelButton.swift */ = {isa = PBXFileReference; fileEncoding = 4; lastKnownFileType = sourcecode.swift; name = LevelButton.swift; path = src/LevelButton.swift; sourceTree = "<group>"; };
		3AB51FB31D412C5B00872A67 /* ScreenSize.swift */ = {isa = PBXFileReference; fileEncoding = 4; lastKnownFileType = sourcecode.swift; name = ScreenSize.swift; path = src/ScreenSize.swift; sourceTree = "<group>"; };
		3AB7095C1DC25054003CF490 /* TypeButton.swift */ = {isa = PBXFileReference; fileEncoding = 4; lastKnownFileType = sourcecode.swift; name = TypeButton.swift; path = src/TypeButton.swift; sourceTree = "<group>"; };
		3AC2156C1D3FBC41003C26E9 /* ScreenObject.swift */ = {isa = PBXFileReference; fileEncoding = 4; lastKnownFileType = sourcecode.swift; name = ScreenObject.swift; path = src/ScreenObject.swift; sourceTree = "<group>"; };
		3AD4A77F1D5EE8C80046C52C /* FBSDKCoreKit.framework */ = {isa = PBXFileReference; lastKnownFileType = wrapper.framework; name = FBSDKCoreKit.framework; path = Frameworks/Facebook/FBSDKCoreKit.framework; sourceTree = "<group>"; };
		3AD4A7851D5EE8F60046C52C /* FBSDKLoginKit.framework */ = {isa = PBXFileReference; lastKnownFileType = wrapper.framework; name = FBSDKLoginKit.framework; path = Frameworks/Facebook/FBSDKLoginKit.framework; sourceTree = "<group>"; };
		3AD4A78E1D5F31D00046C52C /* Constant.swift */ = {isa = PBXFileReference; fileEncoding = 4; lastKnownFileType = sourcecode.swift; name = Constant.swift; path = src/Constant.swift; sourceTree = "<group>"; };
		3AD4A7911D5F50010046C52C /* Main.xml */ = {isa = PBXFileReference; fileEncoding = 4; lastKnownFileType = text.xml; name = Main.xml; path = XMLs/Main.xml; sourceTree = "<group>"; };
		3ADA54C81BC128AF009A4D78 /* Settings.swift */ = {isa = PBXFileReference; fileEncoding = 4; lastKnownFileType = sourcecode.swift; name = Settings.swift; path = ViewController/Settings.swift; sourceTree = "<group>"; };
		3ADB5C741CBFD43700D847BA /* ConnectServer.swift */ = {isa = PBXFileReference; fileEncoding = 4; lastKnownFileType = sourcecode.swift; name = ConnectServer.swift; path = src/ConnectServer.swift; sourceTree = "<group>"; };
		3AEFCF311D854FFA00DD2B5E /* AlienEncountersSolid.ttf */ = {isa = PBXFileReference; lastKnownFileType = file; name = AlienEncountersSolid.ttf; path = Fonts/AlienEncountersSolid.ttf; sourceTree = SOURCE_ROOT; };
		3AEFCF331D85504600DD2B5E /* Settings.xml */ = {isa = PBXFileReference; fileEncoding = 4; lastKnownFileType = text.xml; name = Settings.xml; path = XMLs/Settings.xml; sourceTree = "<group>"; };
		5D6A53971B27B228005C167E /* WorkoutSolution.app */ = {isa = PBXFileReference; explicitFileType = wrapper.application; includeInIndex = 0; path = WorkoutSolution.app; sourceTree = BUILT_PRODUCTS_DIR; };
		5D6A539B1B27B228005C167E /* Info.plist */ = {isa = PBXFileReference; lastKnownFileType = text.plist.xml; path = Info.plist; sourceTree = "<group>"; };
		5D6A539C1B27B228005C167E /* AppDelegate.swift */ = {isa = PBXFileReference; lastKnownFileType = sourcecode.swift; path = AppDelegate.swift; sourceTree = "<group>"; };
		5D6A539F1B27B228005C167E /* WorkoutSolution.xcdatamodel */ = {isa = PBXFileReference; lastKnownFileType = wrapper.xcdatamodel; path = WorkoutSolution.xcdatamodel; sourceTree = "<group>"; };
		5D6A53A11B27B228005C167E /* ViewController.swift */ = {isa = PBXFileReference; lastKnownFileType = sourcecode.swift; path = ViewController.swift; sourceTree = "<group>"; };
		5D6A53A61B27B228005C167E /* Images.xcassets */ = {isa = PBXFileReference; lastKnownFileType = folder.assetcatalog; path = Images.xcassets; sourceTree = "<group>"; };
		5D6A53A91B27B228005C167E /* Base */ = {isa = PBXFileReference; lastKnownFileType = file.xib; name = Base; path = Base.lproj/LaunchScreen.xib; sourceTree = "<group>"; };
		5D9B4FFC1B3F8843004ECDF0 /* CoreMotion.framework */ = {isa = PBXFileReference; lastKnownFileType = wrapper.framework; name = CoreMotion.framework; path = System/Library/Frameworks/CoreMotion.framework; sourceTree = SDKROOT; };
		5DFEDEC61B4CB10C00F222C5 /* AVFoundation.framework */ = {isa = PBXFileReference; lastKnownFileType = wrapper.framework; name = AVFoundation.framework; path = System/Library/Frameworks/AVFoundation.framework; sourceTree = SDKROOT; };
/* End PBXFileReference section */

/* Begin PBXFrameworksBuildPhase section */
		3A8F28831BC150B600BCC5BC /* Frameworks */ = {
			isa = PBXFrameworksBuildPhase;
			buildActionMask = 2147483647;
			files = (
			);
			runOnlyForDeploymentPostprocessing = 0;
		};
		5D6A53941B27B228005C167E /* Frameworks */ = {
			isa = PBXFrameworksBuildPhase;
			buildActionMask = 2147483647;
			files = (
				3AD4A7881D5F02690046C52C /* FBSDKCoreKit.framework in Frameworks */,
				3AD4A7861D5EE8F60046C52C /* FBSDKLoginKit.framework in Frameworks */,
				5DFEDEC71B4CB10C00F222C5 /* AVFoundation.framework in Frameworks */,
				5D9B4FFD1B3F8843004ECDF0 /* CoreMotion.framework in Frameworks */,
			);
			runOnlyForDeploymentPostprocessing = 0;
		};
/* End PBXFrameworksBuildPhase section */

/* Begin PBXGroup section */
		3A01FF7C1C05FF7900AD1F9D /* src */ = {
			isa = PBXGroup;
			children = (
				3A01FF7D1C05FFD000AD1F9D /* Account.swift */,
				3A0D9FD81D882FB20015189F /* Application.swift */,
				3A66AF221D846898002BD1EA /* CheckBox.swift */,
				3ADB5C741CBFD43700D847BA /* ConnectServer.swift */,
				3AD4A78E1D5F31D00046C52C /* Constant.swift */,
				3A6B7FEE1D899F3E0073ABEA /* Database.swift */,
				3AC2156C1D3FBC41003C26E9 /* ScreenObject.swift */,
				3AB51FB31D412C5B00872A67 /* ScreenSize.swift */,
				3A0D38551DA8ADF400388457 /* WorkoutsListCell.swift */,
				3A66AF201D845629002BD1EA /* UserDefaults.swift */,
				3A047C021DBA8BD100D7B0FA /* ExercisesListCell.swift */,
				3AB7095C1DC25054003CF490 /* TypeButton.swift */,
				3AB433141DC39EB8004E96D4 /* LevelButton.swift */,
				10E5A0941DC63E79009E0F4C /* BackButton.swift */,
				3A5BC2531DC790830064D01E /* FooterButton.swift */,
			);
			name = src;
			sourceTree = "<group>";
		};
		3A2F803D1BB1A6DD00AAA040 /* ViewController */ = {
			isa = PBXGroup;
			children = (
				3A4D5F2A1D448EDF00E0BFAF /* Details.swift */,
				3A09ECBD1DB7B50E0088D966 /* Exercises.swift */,
				3A174E631D083C4F00C308A4 /* Level.swift */,
				3A01FF781C05FA2900AD1F9D /* Login.swift */,
				3A29660B1C77860500A5E733 /* LoginEmail.swift */,
				3A28AB361CE11BFF0027AB70 /* Main.swift */,
				3ADA54C81BC128AF009A4D78 /* Settings.swift */,
				3A01FF7A1C05FA5500AD1F9D /* SignUp.swift */,
				3A7A5B461C134F8700C6EA87 /* TrackerBack.swift */,
				3A7BC3F41CEA190B008B329E /* Type.swift */,
				5D6A53A11B27B228005C167E /* ViewController.swift */,
				3A6609581DB54273004FC4F5 /* Workouts.swift */,
				3A734B191D3CFBF6000EF7DC /* WorkoutsList.swift */,
			);
			name = ViewController;
			sourceTree = "<group>";
		};
		3A52BAF31B63AB6000DA45C2 /* Frameworks */ = {
			isa = PBXGroup;
			children = (
				5DFEDEC61B4CB10C00F222C5 /* AVFoundation.framework */,
				5D9B4FFC1B3F8843004ECDF0 /* CoreMotion.framework */,
				3AD4A77F1D5EE8C80046C52C /* FBSDKCoreKit.framework */,
				3AD4A7851D5EE8F60046C52C /* FBSDKLoginKit.framework */,
			);
			name = Frameworks;
			sourceTree = "<group>";
		};
		3A8F287B1BC150B600BCC5BC /* Watch */ = {
			isa = PBXGroup;
			children = (
				3A8F287C1BC150B600BCC5BC /* Interface.storyboard */,
				3A8F287F1BC150B600BCC5BC /* Assets.xcassets */,
				3A8F28811BC150B600BCC5BC /* Info.plist */,
			);
			path = Watch;
			sourceTree = "<group>";
		};
		3A8F288A1BC150B600BCC5BC /* Watch Extension */ = {
			isa = PBXGroup;
			children = (
				3A8F288D1BC150B600BCC5BC /* InterfaceController.swift */,
				3A8F288F1BC150B600BCC5BC /* ExtensionDelegate.swift */,
				3A8F28911BC150B600BCC5BC /* NotificationController.swift */,
				3A8F28931BC150B600BCC5BC /* Assets.xcassets */,
				3A8F28951BC150B600BCC5BC /* Info.plist */,
				3A8F288B1BC150B600BCC5BC /* Supporting Files */,
			);
			path = "Watch Extension";
			sourceTree = "<group>";
		};
		3A8F288B1BC150B600BCC5BC /* Supporting Files */ = {
			isa = PBXGroup;
			children = (
				3A8F288C1BC150B600BCC5BC /* PushNotificationPayload.apns */,
			);
			name = "Supporting Files";
			sourceTree = "<group>";
		};
		3AD4A7901D5F4FEC0046C52C /* XMLs */ = {
			isa = PBXGroup;
			children = (
				3A7BEA4B1D673DEF00A5F57F /* Exercises.xml */,
				3A70C8011D804C8C00E08F0E /* Footer.xml */,
				3A0CCEBE1D65EA1B005D8128 /* Level.xml */,
				3AD4A7911D5F50010046C52C /* Main.xml */,
				3AEFCF331D85504600DD2B5E /* Settings.xml */,
				3A44A5FE1D819BFB00B4D026 /* Tracker.xml */,
				3A20F8E11D64B5790049931A /* Type.xml */,
				3A70C8051D808B5600E08F0E /* WorkoutsList.xml */,
				3A66095A1DB54432004FC4F5 /* Workouts.xml */,
				3A5BC2551DC791460064D01E /* BackButton.xml */,
			);
			name = XMLs;
			sourceTree = "<group>";
		};
		3AEE15E81C720900005F9F81 /* storyboard */ = {
			isa = PBXGroup;
			children = (
				3A8CDDF01CE111DF00CE7D62 /* MainNew.storyboard */,
			);
			name = storyboard;
			sourceTree = "<group>";
		};
		3AEFCF301D854FBB00DD2B5E /* Fonts */ = {
			isa = PBXGroup;
			children = (
				10B025F21DBF9C3000E71FC5 /* telegrafico.ttf */,
				3AEFCF311D854FFA00DD2B5E /* AlienEncountersSolid.ttf */,
			);
			name = Fonts;
			sourceTree = "<group>";
		};
		5D6A538E1B27B228005C167E = {
			isa = PBXGroup;
			children = (
				3A52BAF31B63AB6000DA45C2 /* Frameworks */,
				5D6A53991B27B228005C167E /* WorkoutSolution */,
				3A8F287B1BC150B600BCC5BC /* Watch */,
				3A8F288A1BC150B600BCC5BC /* Watch Extension */,
				5D6A53981B27B228005C167E /* Products */,
			);
			sourceTree = "<group>";
		};
		5D6A53981B27B228005C167E /* Products */ = {
			isa = PBXGroup;
			children = (
				5D6A53971B27B228005C167E /* WorkoutSolution.app */,
				3A8F287A1BC150B600BCC5BC /* Watch.app */,
				3A8F28861BC150B600BCC5BC /* Watch Extension.appex */,
			);
			name = Products;
			sourceTree = "<group>";
		};
		5D6A53991B27B228005C167E /* WorkoutSolution */ = {
			isa = PBXGroup;
			children = (
				3AEFCF301D854FBB00DD2B5E /* Fonts */,
				3AD4A7901D5F4FEC0046C52C /* XMLs */,
				3AEE15E81C720900005F9F81 /* storyboard */,
				3A01FF7C1C05FF7900AD1F9D /* src */,
				3A2F803D1BB1A6DD00AAA040 /* ViewController */,
				5D6A539C1B27B228005C167E /* AppDelegate.swift */,
				5D6A53A61B27B228005C167E /* Images.xcassets */,
				5D6A53A81B27B228005C167E /* LaunchScreen.xib */,
				5D6A539E1B27B228005C167E /* WorkoutSolution.xcdatamodeld */,
				5D6A539A1B27B228005C167E /* Supporting Files */,
			);
			path = WorkoutSolution;
			sourceTree = "<group>";
		};
		5D6A539A1B27B228005C167E /* Supporting Files */ = {
			isa = PBXGroup;
			children = (
				3A67FE131BF41E1F002A8198 /* WorkoutSolution-Bridging-Header.h */,
				5D6A539B1B27B228005C167E /* Info.plist */,
			);
			name = "Supporting Files";
			sourceTree = "<group>";
		};
/* End PBXGroup section */

/* Begin PBXNativeTarget section */
		3A8F28791BC150B600BCC5BC /* Watch */ = {
			isa = PBXNativeTarget;
			buildConfigurationList = 3A8F289F1BC150B700BCC5BC /* Build configuration list for PBXNativeTarget "Watch" */;
			buildPhases = (
				3A8F28781BC150B600BCC5BC /* Resources */,
				3A8F289E1BC150B700BCC5BC /* Embed App Extensions */,
			);
			buildRules = (
			);
			dependencies = (
				3A8F28891BC150B600BCC5BC /* PBXTargetDependency */,
			);
			name = Watch;
			productName = Watch;
			productReference = 3A8F287A1BC150B600BCC5BC /* Watch.app */;
			productType = "com.apple.product-type.application.watchapp2";
		};
		3A8F28851BC150B600BCC5BC /* Watch Extension */ = {
			isa = PBXNativeTarget;
			buildConfigurationList = 3A8F289D1BC150B700BCC5BC /* Build configuration list for PBXNativeTarget "Watch Extension" */;
			buildPhases = (
				3A8F28821BC150B600BCC5BC /* Sources */,
				3A8F28831BC150B600BCC5BC /* Frameworks */,
				3A8F28841BC150B600BCC5BC /* Resources */,
			);
			buildRules = (
			);
			dependencies = (
			);
			name = "Watch Extension";
			productName = "Watch Extension";
			productReference = 3A8F28861BC150B600BCC5BC /* Watch Extension.appex */;
			productType = "com.apple.product-type.watchkit2-extension";
		};
		5D6A53961B27B228005C167E /* WorkoutSolution */ = {
			isa = PBXNativeTarget;
			buildConfigurationList = 5D6A53B91B27B229005C167E /* Build configuration list for PBXNativeTarget "WorkoutSolution" */;
			buildPhases = (
				5D6A53931B27B228005C167E /* Sources */,
				5D6A53941B27B228005C167E /* Frameworks */,
				5D6A53951B27B228005C167E /* Resources */,
				3A8F28A01BC150B700BCC5BC /* Embed Watch Content */,
				3ACCFC3C1BEDBC010059A7B8 /* Embed Frameworks */,
			);
			buildRules = (
			);
			dependencies = (
				3A8F28971BC150B600BCC5BC /* PBXTargetDependency */,
			);
			name = WorkoutSolution;
			productName = WorkoutSolution;
			productReference = 5D6A53971B27B228005C167E /* WorkoutSolution.app */;
			productType = "com.apple.product-type.application";
		};
/* End PBXNativeTarget section */

/* Begin PBXProject section */
		5D6A538F1B27B228005C167E /* Project object */ = {
			isa = PBXProject;
			attributes = {
				LastSwiftUpdateCheck = 0700;
				LastUpgradeCheck = 0800;
				ORGANIZATIONNAME = "Khai Dao";
				TargetAttributes = {
					3A8F28791BC150B600BCC5BC = {
						CreatedOnToolsVersion = 7.0.1;
						DevelopmentTeam = W42C8BLL6A;
						LastSwiftMigration = 0800;
					};
					3A8F28851BC150B600BCC5BC = {
						CreatedOnToolsVersion = 7.0.1;
						DevelopmentTeam = W42C8BLL6A;
						LastSwiftMigration = 0800;
					};
					5D6A53961B27B228005C167E = {
						CreatedOnToolsVersion = 6.3.2;
						DevelopmentTeam = W42C8BLL6A;
						LastSwiftMigration = 0800;
					};
				};
			};
			buildConfigurationList = 5D6A53921B27B228005C167E /* Build configuration list for PBXProject "WorkoutSolution" */;
			compatibilityVersion = "Xcode 3.2";
			developmentRegion = English;
			hasScannedForEncodings = 0;
			knownRegions = (
				en,
				Base,
			);
			mainGroup = 5D6A538E1B27B228005C167E;
			productRefGroup = 5D6A53981B27B228005C167E /* Products */;
			projectDirPath = "";
			projectRoot = "";
			targets = (
				5D6A53961B27B228005C167E /* WorkoutSolution */,
				3A8F28791BC150B600BCC5BC /* Watch */,
				3A8F28851BC150B600BCC5BC /* Watch Extension */,
			);
		};
/* End PBXProject section */

/* Begin PBXResourcesBuildPhase section */
		3A8F28781BC150B600BCC5BC /* Resources */ = {
			isa = PBXResourcesBuildPhase;
			buildActionMask = 2147483647;
			files = (
				3A8F28801BC150B600BCC5BC /* Assets.xcassets in Resources */,
				3A8F287E1BC150B600BCC5BC /* Interface.storyboard in Resources */,
			);
			runOnlyForDeploymentPostprocessing = 0;
		};
		3A8F28841BC150B600BCC5BC /* Resources */ = {
			isa = PBXResourcesBuildPhase;
			buildActionMask = 2147483647;
			files = (
				3A8F28941BC150B600BCC5BC /* Assets.xcassets in Resources */,
			);
			runOnlyForDeploymentPostprocessing = 0;
		};
		5D6A53951B27B228005C167E /* Resources */ = {
			isa = PBXResourcesBuildPhase;
			buildActionMask = 2147483647;
			files = (
				3A70C8021D804C8C00E08F0E /* Footer.xml in Resources */,
				3A66095B1DB54432004FC4F5 /* Workouts.xml in Resources */,
				3AEFCF321D854FFA00DD2B5E /* AlienEncountersSolid.ttf in Resources */,
				3AD4A7921D5F50010046C52C /* Main.xml in Resources */,
				10B025F31DBF9C3000E71FC5 /* telegrafico.ttf in Resources */,
				3A20F8E21D64B5790049931A /* Type.xml in Resources */,
				3AEFCF341D85504600DD2B5E /* Settings.xml in Resources */,
				3A0CCEBF1D65EA1B005D8128 /* Level.xml in Resources */,
				3A44A5FF1D819BFB00B4D026 /* Tracker.xml in Resources */,
				5D6A53AA1B27B228005C167E /* LaunchScreen.xib in Resources */,
				3A8CDDF11CE111DF00CE7D62 /* MainNew.storyboard in Resources */,
				3A7BEA4C1D673DEF00A5F57F /* Exercises.xml in Resources */,
				3A5BC2561DC791460064D01E /* BackButton.xml in Resources */,
				3A70C8061D808B5600E08F0E /* WorkoutsList.xml in Resources */,
				5D6A53A71B27B228005C167E /* Images.xcassets in Resources */,
			);
			runOnlyForDeploymentPostprocessing = 0;
		};
/* End PBXResourcesBuildPhase section */

/* Begin PBXSourcesBuildPhase section */
		3A8F28821BC150B600BCC5BC /* Sources */ = {
			isa = PBXSourcesBuildPhase;
			buildActionMask = 2147483647;
			files = (
				3A8F28921BC150B600BCC5BC /* NotificationController.swift in Sources */,
				3A8F28901BC150B600BCC5BC /* ExtensionDelegate.swift in Sources */,
				3A8F288E1BC150B600BCC5BC /* InterfaceController.swift in Sources */,
			);
			runOnlyForDeploymentPostprocessing = 0;
		};
		5D6A53931B27B228005C167E /* Sources */ = {
			isa = PBXSourcesBuildPhase;
			buildActionMask = 2147483647;
			files = (
				3A28AB371CE11BFF0027AB70 /* Main.swift in Sources */,
				3A047C031DBA8BD100D7B0FA /* ExercisesListCell.swift in Sources */,
				3A01FF791C05FA2900AD1F9D /* Login.swift in Sources */,
				3A09ECBE1DB7B50E0088D966 /* Exercises.swift in Sources */,
				3A7BC3F51CEA190B008B329E /* Type.swift in Sources */,
				3ADA54C91BC128AF009A4D78 /* Settings.swift in Sources */,
				3A66AF231D846898002BD1EA /* CheckBox.swift in Sources */,
				5D6A53A21B27B228005C167E /* ViewController.swift in Sources */,
				3AB433151DC39EB8004E96D4 /* LevelButton.swift in Sources */,
				3A4D5F2B1D448EDF00E0BFAF /* Details.swift in Sources */,
				3A01FF7E1C05FFD000AD1F9D /* Account.swift in Sources */,
				3A0D38561DA8ADF400388457 /* WorkoutsListCell.swift in Sources */,
				3A01FF7B1C05FA5500AD1F9D /* SignUp.swift in Sources */,
				3AD4A78F1D5F31D00046C52C /* Constant.swift in Sources */,
				3AC2156D1D3FBC41003C26E9 /* ScreenObject.swift in Sources */,
				3A29660C1C77860500A5E733 /* LoginEmail.swift in Sources */,
				3A6B7FEF1D899F3E0073ABEA /* Database.swift in Sources */,
				3AB7095D1DC25054003CF490 /* TypeButton.swift in Sources */,
				5D6A53A01B27B228005C167E /* WorkoutSolution.xcdatamodeld in Sources */,
				10E5A0951DC63E79009E0F4C /* BackButton.swift in Sources */,
				3A734B1A1D3CFBF6000EF7DC /* WorkoutsList.swift in Sources */,
				3A66AF211D845629002BD1EA /* UserDefaults.swift in Sources */,
				3A5BC2541DC790830064D01E /* FooterButton.swift in Sources */,
				3A0D9FD91D882FB20015189F /* Application.swift in Sources */,
				3A7A5B471C134F8700C6EA87 /* TrackerBack.swift in Sources */,
				5D6A539D1B27B228005C167E /* AppDelegate.swift in Sources */,
				3AB51FB41D412C5B00872A67 /* ScreenSize.swift in Sources */,
				3A174E641D083C4F00C308A4 /* Level.swift in Sources */,
				3ADB5C751CBFD43700D847BA /* ConnectServer.swift in Sources */,
				3A6609591DB54275004FC4F5 /* Workouts.swift in Sources */,
			);
			runOnlyForDeploymentPostprocessing = 0;
		};
/* End PBXSourcesBuildPhase section */

/* Begin PBXTargetDependency section */
		3A8F28891BC150B600BCC5BC /* PBXTargetDependency */ = {
			isa = PBXTargetDependency;
			target = 3A8F28851BC150B600BCC5BC /* Watch Extension */;
			targetProxy = 3A8F28881BC150B600BCC5BC /* PBXContainerItemProxy */;
		};
		3A8F28971BC150B600BCC5BC /* PBXTargetDependency */ = {
			isa = PBXTargetDependency;
			target = 3A8F28791BC150B600BCC5BC /* Watch */;
			targetProxy = 3A8F28961BC150B600BCC5BC /* PBXContainerItemProxy */;
		};
/* End PBXTargetDependency section */

/* Begin PBXVariantGroup section */
		3A8F287C1BC150B600BCC5BC /* Interface.storyboard */ = {
			isa = PBXVariantGroup;
			children = (
				3A8F287D1BC150B600BCC5BC /* Base */,
			);
			name = Interface.storyboard;
			sourceTree = "<group>";
		};
		5D6A53A81B27B228005C167E /* LaunchScreen.xib */ = {
			isa = PBXVariantGroup;
			children = (
				5D6A53A91B27B228005C167E /* Base */,
			);
			name = LaunchScreen.xib;
			sourceTree = "<group>";
		};
/* End PBXVariantGroup section */

/* Begin XCBuildConfiguration section */
		3A8F28991BC150B700BCC5BC /* Debug */ = {
			isa = XCBuildConfiguration;
			buildSettings = {
				ALWAYS_EMBED_SWIFT_STANDARD_LIBRARIES = YES;
				ASSETCATALOG_COMPILER_APPICON_NAME = AppIcon;
				CODE_SIGN_IDENTITY = "iPhone Developer";
				"CODE_SIGN_IDENTITY[sdk=iphoneos*]" = "iPhone Developer";
				DEBUG_INFORMATION_FORMAT = dwarf;
				DEVELOPMENT_TEAM = W42C8BLL6A;
				IBSC_MODULE = Watch_Extension;
				INFOPLIST_FILE = Watch/Info.plist;
				PRODUCT_BUNDLE_IDENTIFIER = com.ian.WorkoutSolution.watchkitapp;
				PRODUCT_NAME = "$(TARGET_NAME)";
				SDKROOT = watchos;
				SKIP_INSTALL = YES;
				SWIFT_VERSION = 3.0;
				TARGETED_DEVICE_FAMILY = 4;
				WATCHOS_DEPLOYMENT_TARGET = 2.0;
			};
			name = Debug;
		};
		3A8F289A1BC150B700BCC5BC /* Release */ = {
			isa = XCBuildConfiguration;
			buildSettings = {
				ALWAYS_EMBED_SWIFT_STANDARD_LIBRARIES = YES;
				ASSETCATALOG_COMPILER_APPICON_NAME = AppIcon;
				CODE_SIGN_IDENTITY = "iPhone Developer";
				"CODE_SIGN_IDENTITY[sdk=iphoneos*]" = "iPhone Developer";
				DEVELOPMENT_TEAM = W42C8BLL6A;
				IBSC_MODULE = Watch_Extension;
				INFOPLIST_FILE = Watch/Info.plist;
				PRODUCT_BUNDLE_IDENTIFIER = com.ian.WorkoutSolution.watchkitapp;
				PRODUCT_NAME = "$(TARGET_NAME)";
				SDKROOT = watchos;
				SKIP_INSTALL = YES;
				SWIFT_VERSION = 3.0;
				TARGETED_DEVICE_FAMILY = 4;
				WATCHOS_DEPLOYMENT_TARGET = 2.0;
			};
			name = Release;
		};
		3A8F289B1BC150B700BCC5BC /* Debug */ = {
			isa = XCBuildConfiguration;
			buildSettings = {
				CODE_SIGN_IDENTITY = "iPhone Developer";
				"CODE_SIGN_IDENTITY[sdk=watchos*]" = "iPhone Developer";
				DEBUG_INFORMATION_FORMAT = dwarf;
				DEVELOPMENT_TEAM = W42C8BLL6A;
				INFOPLIST_FILE = "Watch Extension/Info.plist";
				LD_RUNPATH_SEARCH_PATHS = "$(inherited) @executable_path/Frameworks @executable_path/../../Frameworks";
				PRODUCT_BUNDLE_IDENTIFIER = com.ian.WorkoutSolution.watchkitapp.watchkitextension;
				PRODUCT_NAME = "${TARGET_NAME}";
				PROVISIONING_PROFILE = "";
				SDKROOT = watchos;
				SKIP_INSTALL = YES;
				SWIFT_VERSION = 3.0;
				TARGETED_DEVICE_FAMILY = 4;
				WATCHOS_DEPLOYMENT_TARGET = 2.0;
			};
			name = Debug;
		};
		3A8F289C1BC150B700BCC5BC /* Release */ = {
			isa = XCBuildConfiguration;
			buildSettings = {
				CODE_SIGN_IDENTITY = "iPhone Developer";
				"CODE_SIGN_IDENTITY[sdk=watchos*]" = "iPhone Developer";
				DEVELOPMENT_TEAM = W42C8BLL6A;
				INFOPLIST_FILE = "Watch Extension/Info.plist";
				LD_RUNPATH_SEARCH_PATHS = "$(inherited) @executable_path/Frameworks @executable_path/../../Frameworks";
				PRODUCT_BUNDLE_IDENTIFIER = com.ian.WorkoutSolution.watchkitapp.watchkitextension;
				PRODUCT_NAME = "${TARGET_NAME}";
				PROVISIONING_PROFILE = "";
				SDKROOT = watchos;
				SKIP_INSTALL = YES;
				SWIFT_VERSION = 3.0;
				TARGETED_DEVICE_FAMILY = 4;
				WATCHOS_DEPLOYMENT_TARGET = 2.0;
			};
			name = Release;
		};
		5D6A53B71B27B229005C167E /* Debug */ = {
			isa = XCBuildConfiguration;
			buildSettings = {
				ALWAYS_SEARCH_USER_PATHS = NO;
				CLANG_CXX_LANGUAGE_STANDARD = "gnu++0x";
				CLANG_CXX_LIBRARY = "libc++";
				CLANG_ENABLE_MODULES = YES;
				CLANG_ENABLE_OBJC_ARC = YES;
				CLANG_WARN_BOOL_CONVERSION = YES;
				CLANG_WARN_CONSTANT_CONVERSION = YES;
				CLANG_WARN_DIRECT_OBJC_ISA_USAGE = YES_ERROR;
				CLANG_WARN_EMPTY_BODY = YES;
				CLANG_WARN_ENUM_CONVERSION = YES;
				CLANG_WARN_INFINITE_RECURSION = YES;
				CLANG_WARN_INT_CONVERSION = YES;
				CLANG_WARN_OBJC_ROOT_CLASS = YES_ERROR;
				CLANG_WARN_SUSPICIOUS_MOVE = YES;
				CLANG_WARN_UNREACHABLE_CODE = YES;
				CLANG_WARN__DUPLICATE_METHOD_MATCH = YES;
				"CODE_SIGN_IDENTITY[sdk=iphoneos*]" = "iPhone Developer";
				COPY_PHASE_STRIP = NO;
				DEBUG_INFORMATION_FORMAT = "dwarf-with-dsym";
				ENABLE_STRICT_OBJC_MSGSEND = YES;
				ENABLE_TESTABILITY = YES;
				GCC_C_LANGUAGE_STANDARD = gnu99;
				GCC_DYNAMIC_NO_PIC = NO;
				GCC_NO_COMMON_BLOCKS = YES;
				GCC_OPTIMIZATION_LEVEL = 0;
				GCC_PREPROCESSOR_DEFINITIONS = (
					"DEBUG=1",
					"$(inherited)",
				);
				GCC_SYMBOLS_PRIVATE_EXTERN = NO;
				GCC_WARN_64_TO_32_BIT_CONVERSION = YES;
				GCC_WARN_ABOUT_RETURN_TYPE = YES_ERROR;
				GCC_WARN_UNDECLARED_SELECTOR = YES;
				GCC_WARN_UNINITIALIZED_AUTOS = YES_AGGRESSIVE;
				GCC_WARN_UNUSED_FUNCTION = YES;
				GCC_WARN_UNUSED_VARIABLE = YES;
				IPHONEOS_DEPLOYMENT_TARGET = 8.3;
				MTL_ENABLE_DEBUG_INFO = YES;
				ONLY_ACTIVE_ARCH = YES;
				SDKROOT = iphoneos;
				SWIFT_OPTIMIZATION_LEVEL = "-Onone";
			};
			name = Debug;
		};
		5D6A53B81B27B229005C167E /* Release */ = {
			isa = XCBuildConfiguration;
			buildSettings = {
				ALWAYS_SEARCH_USER_PATHS = NO;
				CLANG_CXX_LANGUAGE_STANDARD = "gnu++0x";
				CLANG_CXX_LIBRARY = "libc++";
				CLANG_ENABLE_MODULES = YES;
				CLANG_ENABLE_OBJC_ARC = YES;
				CLANG_WARN_BOOL_CONVERSION = YES;
				CLANG_WARN_CONSTANT_CONVERSION = YES;
				CLANG_WARN_DIRECT_OBJC_ISA_USAGE = YES_ERROR;
				CLANG_WARN_EMPTY_BODY = YES;
				CLANG_WARN_ENUM_CONVERSION = YES;
				CLANG_WARN_INFINITE_RECURSION = YES;
				CLANG_WARN_INT_CONVERSION = YES;
				CLANG_WARN_OBJC_ROOT_CLASS = YES_ERROR;
				CLANG_WARN_SUSPICIOUS_MOVE = YES;
				CLANG_WARN_UNREACHABLE_CODE = YES;
				CLANG_WARN__DUPLICATE_METHOD_MATCH = YES;
				"CODE_SIGN_IDENTITY[sdk=iphoneos*]" = "iPhone Developer";
				COPY_PHASE_STRIP = NO;
				DEBUG_INFORMATION_FORMAT = "dwarf-with-dsym";
				ENABLE_NS_ASSERTIONS = NO;
				ENABLE_STRICT_OBJC_MSGSEND = YES;
				GCC_C_LANGUAGE_STANDARD = gnu99;
				GCC_NO_COMMON_BLOCKS = YES;
				GCC_WARN_64_TO_32_BIT_CONVERSION = YES;
				GCC_WARN_ABOUT_RETURN_TYPE = YES_ERROR;
				GCC_WARN_UNDECLARED_SELECTOR = YES;
				GCC_WARN_UNINITIALIZED_AUTOS = YES_AGGRESSIVE;
				GCC_WARN_UNUSED_FUNCTION = YES;
				GCC_WARN_UNUSED_VARIABLE = YES;
				IPHONEOS_DEPLOYMENT_TARGET = 8.3;
				MTL_ENABLE_DEBUG_INFO = NO;
				SDKROOT = iphoneos;
				SWIFT_OPTIMIZATION_LEVEL = "-Owholemodule";
				VALIDATE_PRODUCT = YES;
			};
			name = Release;
		};
		5D6A53BA1B27B229005C167E /* Debug */ = {
			isa = XCBuildConfiguration;
			buildSettings = {
				ALWAYS_EMBED_SWIFT_STANDARD_LIBRARIES = YES;
				ASSETCATALOG_COMPILER_APPICON_NAME = AppIcon;
				CODE_SIGN_IDENTITY = "iPhone Developer";
				"CODE_SIGN_IDENTITY[sdk=iphoneos*]" = "iPhone Developer";
				DEVELOPMENT_TEAM = W42C8BLL6A;
				ENABLE_BITCODE = NO;
				FRAMEWORK_SEARCH_PATHS = (
					"$(inherited)",
					"$(PROJECT_DIR)/Frameworks/Facebook",
				);
				INFOPLIST_FILE = WorkoutSolution/Info.plist;
				IPHONEOS_DEPLOYMENT_TARGET = 9.2;
				LD_RUNPATH_SEARCH_PATHS = "$(inherited) @executable_path/Frameworks";
				PRODUCT_BUNDLE_IDENTIFIER = "com.ian.$(PRODUCT_NAME:rfc1034identifier)";
				PRODUCT_NAME = "$(TARGET_NAME)";
				PROVISIONING_PROFILE = "";
				SWIFT_OBJC_BRIDGING_HEADER = "WorkoutSolution-Bridging-Header.h";
				SWIFT_VERSION = 3.0;
			};
			name = Debug;
		};
		5D6A53BB1B27B229005C167E /* Release */ = {
			isa = XCBuildConfiguration;
			buildSettings = {
				ALWAYS_EMBED_SWIFT_STANDARD_LIBRARIES = YES;
				ASSETCATALOG_COMPILER_APPICON_NAME = AppIcon;
				CODE_SIGN_IDENTITY = "iPhone Developer";
				"CODE_SIGN_IDENTITY[sdk=iphoneos*]" = "iPhone Developer";
				DEVELOPMENT_TEAM = W42C8BLL6A;
				ENABLE_BITCODE = NO;
				FRAMEWORK_SEARCH_PATHS = (
					"$(inherited)",
					"$(PROJECT_DIR)/Frameworks/Facebook",
				);
				INFOPLIST_FILE = WorkoutSolution/Info.plist;
				IPHONEOS_DEPLOYMENT_TARGET = 9.2;
				LD_RUNPATH_SEARCH_PATHS = "$(inherited) @executable_path/Frameworks";
				PRODUCT_BUNDLE_IDENTIFIER = "com.ian.$(PRODUCT_NAME:rfc1034identifier)";
				PRODUCT_NAME = "$(TARGET_NAME)";
				PROVISIONING_PROFILE = "";
				SWIFT_OBJC_BRIDGING_HEADER = "WorkoutSolution-Bridging-Header.h";
				SWIFT_VERSION = 3.0;
			};
			name = Release;
		};
/* End XCBuildConfiguration section */

/* Begin XCConfigurationList section */
		3A8F289D1BC150B700BCC5BC /* Build configuration list for PBXNativeTarget "Watch Extension" */ = {
			isa = XCConfigurationList;
			buildConfigurations = (
				3A8F289B1BC150B700BCC5BC /* Debug */,
				3A8F289C1BC150B700BCC5BC /* Release */,
			);
			defaultConfigurationIsVisible = 0;
			defaultConfigurationName = Release;
		};
		3A8F289F1BC150B700BCC5BC /* Build configuration list for PBXNativeTarget "Watch" */ = {
			isa = XCConfigurationList;
			buildConfigurations = (
				3A8F28991BC150B700BCC5BC /* Debug */,
				3A8F289A1BC150B700BCC5BC /* Release */,
			);
			defaultConfigurationIsVisible = 0;
			defaultConfigurationName = Release;
		};
		5D6A53921B27B228005C167E /* Build configuration list for PBXProject "WorkoutSolution" */ = {
			isa = XCConfigurationList;
			buildConfigurations = (
				5D6A53B71B27B229005C167E /* Debug */,
				5D6A53B81B27B229005C167E /* Release */,
			);
			defaultConfigurationIsVisible = 0;
			defaultConfigurationName = Release;
		};
		5D6A53B91B27B229005C167E /* Build configuration list for PBXNativeTarget "WorkoutSolution" */ = {
			isa = XCConfigurationList;
			buildConfigurations = (
				5D6A53BA1B27B229005C167E /* Debug */,
				5D6A53BB1B27B229005C167E /* Release */,
			);
			defaultConfigurationIsVisible = 0;
			defaultConfigurationName = Release;
		};
/* End XCConfigurationList section */

/* Begin XCVersionGroup section */
		5D6A539E1B27B228005C167E /* WorkoutSolution.xcdatamodeld */ = {
			isa = XCVersionGroup;
			children = (
				5D6A539F1B27B228005C167E /* WorkoutSolution.xcdatamodel */,
			);
			currentVersion = 5D6A539F1B27B228005C167E /* WorkoutSolution.xcdatamodel */;
			path = WorkoutSolution.xcdatamodeld;
			sourceTree = "<group>";
			versionGroupType = wrapper.xcdatamodel;
		};
/* End XCVersionGroup section */
	};
	rootObject = 5D6A538F1B27B228005C167E /* Project object */;
}
